
Microsoft Visual Studio Solution File, Format Version 12.00
# Visual Studio Version 17
VisualStudioVersion = 17.4.33213.308
MinimumVisualStudioVersion = 10.0.40219.1
Project("{FAE04EC0-301F-11D3-BF4B-00C04F79EFBC}") = "AdBoardsMobileAndroid.Android", "AdBoardsMobileAndroid\AdBoardsMobileAndroid.Android\AdBoardsMobileAndroid.Android.csproj", "{E9D83EA3-33F7-4F45-82B2-6C315C39262C}"
EndProject
Project("{FAE04EC0-301F-11D3-BF4B-00C04F79EFBC}") = "AdBoardsMobileAndroid", "AdBoardsMobileAndroid\AdBoardsMobileAndroid\AdBoardsMobileAndroid.csproj", "{15EA817D-4355-4EA9-AE53-61A989F04222}"
EndProject
Global
	GlobalSection(SolutionConfigurationPlatforms) = preSolution
		Debug|Any CPU = Debug|Any CPU
		Release|Any CPU = Release|Any CPU
	EndGlobalSection
	GlobalSection(ProjectConfigurationPlatforms) = postSolution
		{E9D83EA3-33F7-4F45-82B2-6C315C39262C}.Debug|Any CPU.ActiveCfg = Debug|Any CPU
		{E9D83EA3-33F7-4F45-82B2-6C315C39262C}.Debug|Any CPU.Build.0 = Debug|Any CPU
		{E9D83EA3-33F7-4F45-82B2-6C315C39262C}.Debug|Any CPU.Deploy.0 = Debug|Any CPU
		{E9D83EA3-33F7-4F45-82B2-6C315C39262C}.Release|Any CPU.ActiveCfg = Release|Any CPU
		{E9D83EA3-33F7-4F45-82B2-6C315C39262C}.Release|Any CPU.Build.0 = Release|Any CPU
		{E9D83EA3-33F7-4F45-82B2-6C315C39262C}.Release|Any CPU.Deploy.0 = Release|Any CPU
		{15EA817D-4355-4EA9-AE53-61A989F04222}.Debug|Any CPU.ActiveCfg = Debug|Any CPU
		{15EA817D-4355-4EA9-AE53-61A989F04222}.Debug|Any CPU.Build.0 = Debug|Any CPU
		{15EA817D-4355-4EA9-AE53-61A989F04222}.Debug|Any CPU.Deploy.0 = Debug|Any CPU
		{15EA817D-4355-4EA9-AE53-61A989F04222}.Release|Any CPU.ActiveCfg = Release|Any CPU
		{15EA817D-4355-4EA9-AE53-61A989F04222}.Release|Any CPU.Build.0 = Release|Any CPU
		{15EA817D-4355-4EA9-AE53-61A989F04222}.Release|Any CPU.Deploy.0 = Release|Any CPU
	EndGlobalSection
	GlobalSection(SolutionProperties) = preSolution
		HideSolutionNode = FALSE
	EndGlobalSection
	GlobalSection(ExtensibilityGlobals) = postSolution
		SolutionGuid = {4F12AD5B-4340-4C50-B76B-AD63AFD8D92D}
	EndGlobalSection
EndGlobal
